
Microsoft Visual Studio Solution File, Format Version 12.00
# Visual Studio Version 16
VisualStudioVersion = 16.0.33214.272
MinimumVisualStudioVersion = 10.0.40219.1
Project("{FAE04EC0-301F-11D3-BF4B-00C04F79EFBC}") = "prakt11_zad1", "prakt11_zad1\prakt11_zad1.csproj", "{5B18F5CC-D211-4C52-927B-15C056FDD51F}"
EndProject
Global
	GlobalSection(SolutionConfigurationPlatforms) = preSolution
		Debug|Any CPU = Debug|Any CPU
		Release|Any CPU = Release|Any CPU
	EndGlobalSection
	GlobalSection(ProjectConfigurationPlatforms) = postSolution
		{5B18F5CC-D211-4C52-927B-15C056FDD51F}.Debug|Any CPU.ActiveCfg = Debug|Any CPU
		{5B18F5CC-D211-4C52-927B-15C056FDD51F}.Debug|Any CPU.Build.0 = Debug|Any CPU
		{5B18F5CC-D211-4C52-927B-15C056FDD51F}.Release|Any CPU.ActiveCfg = Release|Any CPU
		{5B18F5CC-D211-4C52-927B-15C056FDD51F}.Release|Any CPU.Build.0 = Release|Any CPU
	EndGlobalSection
	GlobalSection(SolutionProperties) = preSolution
		HideSolutionNode = FALSE
	EndGlobalSection
	GlobalSection(ExtensibilityGlobals) = postSolution
		SolutionGuid = {7C7E1D8B-E8C8-452E-BD01-D8F58577E7C6}
	EndGlobalSection
EndGlobal
